
Microsoft Visual Studio Solution File, Format Version 12.00
# Visual Studio Version 17
VisualStudioVersion = 17.2.32602.215
MinimumVisualStudioVersion = 10.0.40219.1
Project("{9A19103F-16F7-4668-BE54-9A1E7A4F7556}") = "APITestProject", "APITestProject\APITestProject.csproj", "{9F6CE947-65AE-4351-9DD1-6906FA40716D}"
EndProject
Global
	GlobalSection(SolutionConfigurationPlatforms) = preSolution
		Debug|Any CPU = Debug|Any CPU
		Release|Any CPU = Release|Any CPU
	EndGlobalSection
	GlobalSection(ProjectConfigurationPlatforms) = postSolution
		{9F6CE947-65AE-4351-9DD1-6906FA40716D}.Debug|Any CPU.ActiveCfg = Debug|Any CPU
		{9F6CE947-65AE-4351-9DD1-6906FA40716D}.Debug|Any CPU.Build.0 = Debug|Any CPU
		{9F6CE947-65AE-4351-9DD1-6906FA40716D}.Release|Any CPU.ActiveCfg = Release|Any CPU
		{9F6CE947-65AE-4351-9DD1-6906FA40716D}.Release|Any CPU.Build.0 = Release|Any CPU
	EndGlobalSection
	GlobalSection(SolutionProperties) = preSolution
		HideSolutionNode = FALSE
	EndGlobalSection
	GlobalSection(ExtensibilityGlobals) = postSolution
		SolutionGuid = {0D80C0E0-D6E8-4D9D-A7DC-BCB553CDC414}
	EndGlobalSection
EndGlobal
